
Microsoft Visual Studio Solution File, Format Version 12.00
# Visual Studio 15
VisualStudioVersion = 15.0.28307.779
MinimumVisualStudioVersion = 10.0.40219.1
Project("{FAE04EC0-301F-11D3-BF4B-00C04F79EFBC}") = "HelloWorld4", "HelloWorld4\HelloWorld4.csproj", "{B925DE09-48E2-4AF6-8116-3B5844F7CD9B}"
EndProject
Global
	GlobalSection(SolutionConfigurationPlatforms) = preSolution
		Debug|Any CPU = Debug|Any CPU
		Release|Any CPU = Release|Any CPU
	EndGlobalSection
	GlobalSection(ProjectConfigurationPlatforms) = postSolution
		{B925DE09-48E2-4AF6-8116-3B5844F7CD9B}.Debug|Any CPU.ActiveCfg = Debug|Any CPU
		{B925DE09-48E2-4AF6-8116-3B5844F7CD9B}.Debug|Any CPU.Build.0 = Debug|Any CPU
		{B925DE09-48E2-4AF6-8116-3B5844F7CD9B}.Release|Any CPU.ActiveCfg = Release|Any CPU
		{B925DE09-48E2-4AF6-8116-3B5844F7CD9B}.Release|Any CPU.Build.0 = Release|Any CPU
	EndGlobalSection
	GlobalSection(SolutionProperties) = preSolution
		HideSolutionNode = FALSE
	EndGlobalSection
	GlobalSection(ExtensibilityGlobals) = postSolution
		SolutionGuid = {71483896-DB84-4C68-BF39-4A329F958980}
	EndGlobalSection
EndGlobal
